
Microsoft Visual Studio Solution File, Format Version 12.00
# Visual Studio Version 17
VisualStudioVersion = 17.5.33530.505
MinimumVisualStudioVersion = 10.0.40219.1
Project("{9A19103F-16F7-4668-BE54-9A1E7A4F7556}") = "eVoucherDatabaseWebService", "eVoucherDatabaseWebService.csproj", "{2D9D1A0A-F7E0-4CD0-8881-078D75FD7F7F}"
EndProject
Project("{9A19103F-16F7-4668-BE54-9A1E7A4F7556}") = "eVoucher_DAL", "..\eVoucherDatabaseWebService_DAL\eVoucher_DAL.csproj", "{2F33C083-CD67-42C8-97F5-EFF1AD2E757C}"
EndProject
Project("{9A19103F-16F7-4668-BE54-9A1E7A4F7556}") = "eVoucher_DTO", "..\eVoucherDatabaseWebService_DTO\eVoucher_DTO.csproj", "{1646277D-7AD9-4401-9EB2-38F873DDFA63}"
EndProject
Project("{9A19103F-16F7-4668-BE54-9A1E7A4F7556}") = "eVoucher_Utility", "..\eVoucherDatabaseWebService_Utility\eVoucher_Utility.csproj", "{7EAA3319-F323-4191-A890-3D83FB2E3BA7}"
EndProject
Project("{9A19103F-16F7-4668-BE54-9A1E7A4F7556}") = "eVoucher_BUS", "..\eVoucherDatabaseWebService_BUS\eVoucher_BUS.csproj", "{1C7C2DA2-1E9C-481F-AD2B-0261496AE5F0}"
EndProject
Project("{2150E333-8FDC-42A3-9474-1A3956D46DE8}") = "0.AboutSolution", "0.AboutSolution", "{5918DBFD-CC82-4725-93C1-8A9469A623B8}"
EndProject
Project("{2150E333-8FDC-42A3-9474-1A3956D46DE8}") = "1.Infrastructure", "1.Infrastructure", "{63968547-8486-4AFC-95AE-5BB37970702E}"
EndProject
Project("{2150E333-8FDC-42A3-9474-1A3956D46DE8}") = "2.Application", "2.Application", "{A360E10A-88FB-43C0-940F-94EDF0C3F47C}"
EndProject
Project("{FAE04EC0-301F-11D3-BF4B-00C04F79EFBC}") = "eVoucher_Migrations", "..\eVoucher_Migrations\eVoucher_Migrations.csproj", "{C2365F02-1A29-4AD7-811A-6A2F14836412}"
EndProject
Project("{9A19103F-16F7-4668-BE54-9A1E7A4F7556}") = "eVoucher.Admin", "..\eVoucher.Admin\eVoucher.Admin.csproj", "{1C0AB6CE-865B-4F68-A297-1F66B7F5C041}"
EndProject
Project("{9A19103F-16F7-4668-BE54-9A1E7A4F7556}") = "eVoucher.Client", "..\eVoucher.Client\eVoucher.Client.csproj", "{1C76573A-E4C9-4798-904F-CC138DC2B38C}"
EndProject
Project("{9A19103F-16F7-4668-BE54-9A1E7A4F7556}") = "eVoucher.Partner", "..\eVoucher.Partner\eVoucher.Partner.csproj", "{58AE3C7A-702F-4F9B-8A67-7F1C6366F2F6}"
EndProject
Project("{9A19103F-16F7-4668-BE54-9A1E7A4F7556}") = "eVoucher.ClientAPI_Integration", "..\eVoucher.ClientAPI_Integration\eVoucher.ClientAPI_Integration.csproj", "{829709E4-03A7-476A-897E-8220E35DF74F}"
EndProject
Global
	GlobalSection(SolutionConfigurationPlatforms) = preSolution
		Debug|Any CPU = Debug|Any CPU
		Release|Any CPU = Release|Any CPU
	EndGlobalSection
	GlobalSection(ProjectConfigurationPlatforms) = postSolution
		{2D9D1A0A-F7E0-4CD0-8881-078D75FD7F7F}.Debug|Any CPU.ActiveCfg = Debug|Any CPU
		{2D9D1A0A-F7E0-4CD0-8881-078D75FD7F7F}.Debug|Any CPU.Build.0 = Debug|Any CPU
		{2D9D1A0A-F7E0-4CD0-8881-078D75FD7F7F}.Release|Any CPU.ActiveCfg = Release|Any CPU
		{2D9D1A0A-F7E0-4CD0-8881-078D75FD7F7F}.Release|Any CPU.Build.0 = Release|Any CPU
		{2F33C083-CD67-42C8-97F5-EFF1AD2E757C}.Debug|Any CPU.ActiveCfg = Debug|Any CPU
		{2F33C083-CD67-42C8-97F5-EFF1AD2E757C}.Debug|Any CPU.Build.0 = Debug|Any CPU
		{2F33C083-CD67-42C8-97F5-EFF1AD2E757C}.Release|Any CPU.ActiveCfg = Release|Any CPU
		{2F33C083-CD67-42C8-97F5-EFF1AD2E757C}.Release|Any CPU.Build.0 = Release|Any CPU
		{1646277D-7AD9-4401-9EB2-38F873DDFA63}.Debug|Any CPU.ActiveCfg = Debug|Any CPU
		{1646277D-7AD9-4401-9EB2-38F873DDFA63}.Debug|Any CPU.Build.0 = Debug|Any CPU
		{1646277D-7AD9-4401-9EB2-38F873DDFA63}.Release|Any CPU.ActiveCfg = Release|Any CPU
		{1646277D-7AD9-4401-9EB2-38F873DDFA63}.Release|Any CPU.Build.0 = Release|Any CPU
		{7EAA3319-F323-4191-A890-3D83FB2E3BA7}.Debug|Any CPU.ActiveCfg = Debug|Any CPU
		{7EAA3319-F323-4191-A890-3D83FB2E3BA7}.Debug|Any CPU.Build.0 = Debug|Any CPU
		{7EAA3319-F323-4191-A890-3D83FB2E3BA7}.Release|Any CPU.ActiveCfg = Release|Any CPU
		{7EAA3319-F323-4191-A890-3D83FB2E3BA7}.Release|Any CPU.Build.0 = Release|Any CPU
		{1C7C2DA2-1E9C-481F-AD2B-0261496AE5F0}.Debug|Any CPU.ActiveCfg = Debug|Any CPU
		{1C7C2DA2-1E9C-481F-AD2B-0261496AE5F0}.Debug|Any CPU.Build.0 = Debug|Any CPU
		{1C7C2DA2-1E9C-481F-AD2B-0261496AE5F0}.Release|Any CPU.ActiveCfg = Release|Any CPU
		{1C7C2DA2-1E9C-481F-AD2B-0261496AE5F0}.Release|Any CPU.Build.0 = Release|Any CPU
		{C2365F02-1A29-4AD7-811A-6A2F14836412}.Debug|Any CPU.ActiveCfg = Debug|Any CPU
		{C2365F02-1A29-4AD7-811A-6A2F14836412}.Debug|Any CPU.Build.0 = Debug|Any CPU
		{C2365F02-1A29-4AD7-811A-6A2F14836412}.Release|Any CPU.ActiveCfg = Release|Any CPU
		{C2365F02-1A29-4AD7-811A-6A2F14836412}.Release|Any CPU.Build.0 = Release|Any CPU
		{1C0AB6CE-865B-4F68-A297-1F66B7F5C041}.Debug|Any CPU.ActiveCfg = Debug|Any CPU
		{1C0AB6CE-865B-4F68-A297-1F66B7F5C041}.Debug|Any CPU.Build.0 = Debug|Any CPU
		{1C0AB6CE-865B-4F68-A297-1F66B7F5C041}.Release|Any CPU.ActiveCfg = Release|Any CPU
		{1C0AB6CE-865B-4F68-A297-1F66B7F5C041}.Release|Any CPU.Build.0 = Release|Any CPU
		{1C76573A-E4C9-4798-904F-CC138DC2B38C}.Debug|Any CPU.ActiveCfg = Debug|Any CPU
		{1C76573A-E4C9-4798-904F-CC138DC2B38C}.Debug|Any CPU.Build.0 = Debug|Any CPU
		{1C76573A-E4C9-4798-904F-CC138DC2B38C}.Release|Any CPU.ActiveCfg = Release|Any CPU
		{1C76573A-E4C9-4798-904F-CC138DC2B38C}.Release|Any CPU.Build.0 = Release|Any CPU
		{58AE3C7A-702F-4F9B-8A67-7F1C6366F2F6}.Debug|Any CPU.ActiveCfg = Debug|Any CPU
		{58AE3C7A-702F-4F9B-8A67-7F1C6366F2F6}.Debug|Any CPU.Build.0 = Debug|Any CPU
		{58AE3C7A-702F-4F9B-8A67-7F1C6366F2F6}.Release|Any CPU.ActiveCfg = Release|Any CPU
		{58AE3C7A-702F-4F9B-8A67-7F1C6366F2F6}.Release|Any CPU.Build.0 = Release|Any CPU
		{829709E4-03A7-476A-897E-8220E35DF74F}.Debug|Any CPU.ActiveCfg = Debug|Any CPU
		{829709E4-03A7-476A-897E-8220E35DF74F}.Debug|Any CPU.Build.0 = Debug|Any CPU
		{829709E4-03A7-476A-897E-8220E35DF74F}.Release|Any CPU.ActiveCfg = Release|Any CPU
		{829709E4-03A7-476A-897E-8220E35DF74F}.Release|Any CPU.Build.0 = Release|Any CPU
	EndGlobalSection
	GlobalSection(SolutionProperties) = preSolution
		HideSolutionNode = FALSE
	EndGlobalSection
	GlobalSection(NestedProjects) = preSolution
		{2D9D1A0A-F7E0-4CD0-8881-078D75FD7F7F} = {A360E10A-88FB-43C0-940F-94EDF0C3F47C}
		{2F33C083-CD67-42C8-97F5-EFF1AD2E757C} = {63968547-8486-4AFC-95AE-5BB37970702E}
		{1646277D-7AD9-4401-9EB2-38F873DDFA63} = {63968547-8486-4AFC-95AE-5BB37970702E}
		{7EAA3319-F323-4191-A890-3D83FB2E3BA7} = {63968547-8486-4AFC-95AE-5BB37970702E}
		{1C7C2DA2-1E9C-481F-AD2B-0261496AE5F0} = {63968547-8486-4AFC-95AE-5BB37970702E}
		{C2365F02-1A29-4AD7-811A-6A2F14836412} = {63968547-8486-4AFC-95AE-5BB37970702E}
		{1C0AB6CE-865B-4F68-A297-1F66B7F5C041} = {A360E10A-88FB-43C0-940F-94EDF0C3F47C}
		{1C76573A-E4C9-4798-904F-CC138DC2B38C} = {A360E10A-88FB-43C0-940F-94EDF0C3F47C}
		{58AE3C7A-702F-4F9B-8A67-7F1C6366F2F6} = {A360E10A-88FB-43C0-940F-94EDF0C3F47C}
		{829709E4-03A7-476A-897E-8220E35DF74F} = {63968547-8486-4AFC-95AE-5BB37970702E}
	EndGlobalSection
	GlobalSection(ExtensibilityGlobals) = postSolution
		SolutionGuid = {B16B02C0-321E-48B7-A6B3-5A5308C30845}
	EndGlobalSection
EndGlobal
